// !$*UTF8*$!
{
	archiveVersion = 1;
	classes = {
	};
	objectVersion = 56;
	objects = {

/* Begin PBXBuildFile section */
		B5B7C46D29035F9C0044C5B4 /* LoginPresenter.swift in Sources */ = {isa = PBXBuildFile; fileRef = B5B7C46729035F9C0044C5B4 /* LoginPresenter.swift */; };
		B5B7C46E29035F9C0044C5B4 /* LoginRouter.swift in Sources */ = {isa = PBXBuildFile; fileRef = B5B7C46829035F9C0044C5B4 /* LoginRouter.swift */; };
		B5B7C46F29035F9C0044C5B4 /* LoginViewController.swift in Sources */ = {isa = PBXBuildFile; fileRef = B5B7C46929035F9C0044C5B4 /* LoginViewController.swift */; };
		B5B7C47029035F9C0044C5B4 /* LoginInteractor.swift in Sources */ = {isa = PBXBuildFile; fileRef = B5B7C46A29035F9C0044C5B4 /* LoginInteractor.swift */; };
		B5B7C47129035F9C0044C5B4 /* LoginView.swift in Sources */ = {isa = PBXBuildFile; fileRef = B5B7C46B29035F9C0044C5B4 /* LoginView.swift */; };
		B5B7C480290488AC0044C5B4 /* LoginWorker.swift in Sources */ = {isa = PBXBuildFile; fileRef = B5B7C47F290488AC0044C5B4 /* LoginWorker.swift */; };
		B5B7C48F290492A00044C5B4 /* LoginModels.swift in Sources */ = {isa = PBXBuildFile; fileRef = B5B7C48E290492A00044C5B4 /* LoginModels.swift */; };
		B5B7C49E2906A0C60044C5B4 /* MovieResponse.swift in Sources */ = {isa = PBXBuildFile; fileRef = B5B7C49D2906A0C60044C5B4 /* MovieResponse.swift */; };
		B5B7C4A02906A0D50044C5B4 /* MovieError.swift in Sources */ = {isa = PBXBuildFile; fileRef = B5B7C49F2906A0D50044C5B4 /* MovieError.swift */; };
		B5B7C4AB290778E50044C5B4 /* WidgetKit.framework in Frameworks */ = {isa = PBXBuildFile; fileRef = B5B7C4AA290778E50044C5B4 /* WidgetKit.framework */; };
		B5B7C4AD290778E50044C5B4 /* SwiftUI.framework in Frameworks */ = {isa = PBXBuildFile; fileRef = B5B7C4AC290778E50044C5B4 /* SwiftUI.framework */; };
		B5B7C4B0290778E50044C5B4 /* TMDBWidget.swift in Sources */ = {isa = PBXBuildFile; fileRef = B5B7C4AF290778E50044C5B4 /* TMDBWidget.swift */; };
		B5B7C4B2290778E70044C5B4 /* Assets.xcassets in Resources */ = {isa = PBXBuildFile; fileRef = B5B7C4B1290778E70044C5B4 /* Assets.xcassets */; };
		B5B7C4B6290778E70044C5B4 /* TMDBWidgetExtension.appex in Embed Foundation Extensions */ = {isa = PBXBuildFile; fileRef = B5B7C4A8290778E50044C5B4 /* TMDBWidgetExtension.appex */; settings = {ATTRIBUTES = (RemoveHeadersOnCopy, ); }; };
		B5B7C4BE2908A3190044C5B4 /* HomeWorker.swift in Sources */ = {isa = PBXBuildFile; fileRef = B5FE91F52900DB4F00E8099A /* HomeWorker.swift */; };
		B5B7C4BF2908A34C0044C5B4 /* HomeModels.swift in Sources */ = {isa = PBXBuildFile; fileRef = B5FE91F62900DB4F00E8099A /* HomeModels.swift */; };
		B5B7C4C02908A3520044C5B4 /* MovieError.swift in Sources */ = {isa = PBXBuildFile; fileRef = B5B7C49F2906A0D50044C5B4 /* MovieError.swift */; };
		B5B7C4C12908A3590044C5B4 /* MovieResponse.swift in Sources */ = {isa = PBXBuildFile; fileRef = B5B7C49D2906A0C60044C5B4 /* MovieResponse.swift */; };
		B5B7C4C22908A4430044C5B4 /* Movie.swift in Sources */ = {isa = PBXBuildFile; fileRef = B5FE92092900DB5800E8099A /* Movie.swift */; };
		B5B7C4C42908ADA20044C5B4 /* NetworkConsumer.swift in Sources */ = {isa = PBXBuildFile; fileRef = B5FE92102901903500E8099A /* NetworkConsumer.swift */; };
		B5D482F6294C04000079E962 /* TMDBWidgetView.swift in Sources */ = {isa = PBXBuildFile; fileRef = B5D482F5294C04000079E962 /* TMDBWidgetView.swift */; };
		B5D482F9294C05660079E962 /* Kingfisher in Frameworks */ = {isa = PBXBuildFile; productRef = B5D482F8294C05660079E962 /* Kingfisher */; };
		B5D482FB294C05FF0079E962 /* Kingfisher in Frameworks */ = {isa = PBXBuildFile; productRef = B5D482FA294C05FF0079E962 /* Kingfisher */; };
		B5D482FE294C15940079E962 /* ImageConstants.swift in Sources */ = {isa = PBXBuildFile; fileRef = B5D482FD294C15940079E962 /* ImageConstants.swift */; };
		B5D48305294D05F60079E962 /* LoginStrings.swift in Sources */ = {isa = PBXBuildFile; fileRef = B5D48304294D05F60079E962 /* LoginStrings.swift */; };
		B5D48307294D118A0079E962 /* UIResponder+Extension.swift in Sources */ = {isa = PBXBuildFile; fileRef = B5D48306294D118A0079E962 /* UIResponder+Extension.swift */; };
		B5D4830A294D1FA60079E962 /* LocalizationProtocol.swift in Sources */ = {isa = PBXBuildFile; fileRef = B5D48309294D1FA60079E962 /* LocalizationProtocol.swift */; };
		B5D4830B294DFA680079E962 /* Localizable.strings in Resources */ = {isa = PBXBuildFile; fileRef = B5D4830D294DFA680079E962 /* Localizable.strings */; };
		B5D48312294E591A0079E962 /* HomeStrings.swift in Sources */ = {isa = PBXBuildFile; fileRef = B5D48311294E591A0079E962 /* HomeStrings.swift */; };
		B5D48314294E598F0079E962 /* DetailStrings.swift in Sources */ = {isa = PBXBuildFile; fileRef = B5D48313294E598F0079E962 /* DetailStrings.swift */; };
		B5FE91DA2900DAEF00E8099A /* AppDelegate.swift in Sources */ = {isa = PBXBuildFile; fileRef = B5FE91D92900DAEF00E8099A /* AppDelegate.swift */; };
		B5FE91DC2900DAEF00E8099A /* SceneDelegate.swift in Sources */ = {isa = PBXBuildFile; fileRef = B5FE91DB2900DAEF00E8099A /* SceneDelegate.swift */; };
		B5FE91E32900DAF000E8099A /* Assets.xcassets in Resources */ = {isa = PBXBuildFile; fileRef = B5FE91E22900DAF000E8099A /* Assets.xcassets */; };
		B5FE91E62900DAF000E8099A /* LaunchScreen.storyboard in Resources */ = {isa = PBXBuildFile; fileRef = B5FE91E42900DAF000E8099A /* LaunchScreen.storyboard */; };
		B5FE91FD2900DB4F00E8099A /* HomeInteractor.swift in Sources */ = {isa = PBXBuildFile; fileRef = B5FE91EF2900DB4F00E8099A /* HomeInteractor.swift */; };
		B5FE91FE2900DB4F00E8099A /* HomeView.swift in Sources */ = {isa = PBXBuildFile; fileRef = B5FE91F02900DB4F00E8099A /* HomeView.swift */; };
		B5FE91FF2900DB4F00E8099A /* HomeViewController.swift in Sources */ = {isa = PBXBuildFile; fileRef = B5FE91F12900DB4F00E8099A /* HomeViewController.swift */; };
		B5FE92002900DB4F00E8099A /* HomeRouter.swift in Sources */ = {isa = PBXBuildFile; fileRef = B5FE91F22900DB4F00E8099A /* HomeRouter.swift */; };
		B5FE92012900DB4F00E8099A /* HomeMovieCell.swift in Sources */ = {isa = PBXBuildFile; fileRef = B5FE91F42900DB4F00E8099A /* HomeMovieCell.swift */; };
		B5FE92022900DB4F00E8099A /* HomeWorker.swift in Sources */ = {isa = PBXBuildFile; fileRef = B5FE91F52900DB4F00E8099A /* HomeWorker.swift */; };
		B5FE92032900DB4F00E8099A /* HomeModels.swift in Sources */ = {isa = PBXBuildFile; fileRef = B5FE91F62900DB4F00E8099A /* HomeModels.swift */; };
		B5FE92042900DB4F00E8099A /* HomePresenter.swift in Sources */ = {isa = PBXBuildFile; fileRef = B5FE91F72900DB4F00E8099A /* HomePresenter.swift */; };
		B5FE92052900DB4F00E8099A /* ViewCode.swift in Sources */ = {isa = PBXBuildFile; fileRef = B5FE91F92900DB4F00E8099A /* ViewCode.swift */; };
		B5FE920A2900DB5800E8099A /* Movie.swift in Sources */ = {isa = PBXBuildFile; fileRef = B5FE92092900DB5800E8099A /* Movie.swift */; };
		B5FE920D2900E66A00E8099A /* UIColor+Extension.swift in Sources */ = {isa = PBXBuildFile; fileRef = B5FE920C2900E66A00E8099A /* UIColor+Extension.swift */; };
		B5FE920F2901838300E8099A /* UIColor+Pallet.swift in Sources */ = {isa = PBXBuildFile; fileRef = B5FE920E2901838300E8099A /* UIColor+Pallet.swift */; };
		B5FE92112901903500E8099A /* NetworkConsumer.swift in Sources */ = {isa = PBXBuildFile; fileRef = B5FE92102901903500E8099A /* NetworkConsumer.swift */; };
		B5FE92152901E57400E8099A /* Date+Extension.swift in Sources */ = {isa = PBXBuildFile; fileRef = B5FE92142901E57400E8099A /* Date+Extension.swift */; };
		B5FE921D2901EBF400E8099A /* DetailPresenter.swift in Sources */ = {isa = PBXBuildFile; fileRef = B5FE92172901EBF400E8099A /* DetailPresenter.swift */; };
		B5FE921E2901EBF400E8099A /* DetailWorker.swift in Sources */ = {isa = PBXBuildFile; fileRef = B5FE92182901EBF400E8099A /* DetailWorker.swift */; };
		B5FE921F2901EBF400E8099A /* DetailRouter.swift in Sources */ = {isa = PBXBuildFile; fileRef = B5FE92192901EBF400E8099A /* DetailRouter.swift */; };
		B5FE92202901EBF400E8099A /* DetailModels.swift in Sources */ = {isa = PBXBuildFile; fileRef = B5FE921A2901EBF400E8099A /* DetailModels.swift */; };
		B5FE92212901EBF400E8099A /* DetailViewController.swift in Sources */ = {isa = PBXBuildFile; fileRef = B5FE921B2901EBF400E8099A /* DetailViewController.swift */; };
		B5FE92222901EBF400E8099A /* DetailInteractor.swift in Sources */ = {isa = PBXBuildFile; fileRef = B5FE921C2901EBF400E8099A /* DetailInteractor.swift */; };
		B5FE92242901EC0F00E8099A /* DetailView.swift in Sources */ = {isa = PBXBuildFile; fileRef = B5FE92232901EC0F00E8099A /* DetailView.swift */; };
/* End PBXBuildFile section */

/* Begin PBXContainerItemProxy section */
		B5B7C4B4290778E70044C5B4 /* PBXContainerItemProxy */ = {
			isa = PBXContainerItemProxy;
			containerPortal = B5FE91CE2900DAEF00E8099A /* Project object */;
			proxyType = 1;
			remoteGlobalIDString = B5B7C4A7290778E50044C5B4;
			remoteInfo = TMDBWidgetExtension;
		};
/* End PBXContainerItemProxy section */

/* Begin PBXCopyFilesBuildPhase section */
		B5B7C4B7290778E80044C5B4 /* Embed Foundation Extensions */ = {
			isa = PBXCopyFilesBuildPhase;
			buildActionMask = 2147483647;
			dstPath = "";
			dstSubfolderSpec = 13;
			files = (
				B5B7C4B6290778E70044C5B4 /* TMDBWidgetExtension.appex in Embed Foundation Extensions */,
			);
			name = "Embed Foundation Extensions";
			runOnlyForDeploymentPostprocessing = 0;
		};
/* End PBXCopyFilesBuildPhase section */

/* Begin PBXFileReference section */
		B5B7C46729035F9C0044C5B4 /* LoginPresenter.swift */ = {isa = PBXFileReference; lastKnownFileType = sourcecode.swift; path = LoginPresenter.swift; sourceTree = "<group>"; };
		B5B7C46829035F9C0044C5B4 /* LoginRouter.swift */ = {isa = PBXFileReference; lastKnownFileType = sourcecode.swift; path = LoginRouter.swift; sourceTree = "<group>"; };
		B5B7C46929035F9C0044C5B4 /* LoginViewController.swift */ = {isa = PBXFileReference; lastKnownFileType = sourcecode.swift; path = LoginViewController.swift; sourceTree = "<group>"; };
		B5B7C46A29035F9C0044C5B4 /* LoginInteractor.swift */ = {isa = PBXFileReference; lastKnownFileType = sourcecode.swift; path = LoginInteractor.swift; sourceTree = "<group>"; };
		B5B7C46B29035F9C0044C5B4 /* LoginView.swift */ = {isa = PBXFileReference; lastKnownFileType = sourcecode.swift; path = LoginView.swift; sourceTree = "<group>"; };
		B5B7C47F290488AC0044C5B4 /* LoginWorker.swift */ = {isa = PBXFileReference; lastKnownFileType = sourcecode.swift; path = LoginWorker.swift; sourceTree = "<group>"; };
		B5B7C48E290492A00044C5B4 /* LoginModels.swift */ = {isa = PBXFileReference; lastKnownFileType = sourcecode.swift; path = LoginModels.swift; sourceTree = "<group>"; };
		B5B7C49D2906A0C60044C5B4 /* MovieResponse.swift */ = {isa = PBXFileReference; lastKnownFileType = sourcecode.swift; path = MovieResponse.swift; sourceTree = "<group>"; };
		B5B7C49F2906A0D50044C5B4 /* MovieError.swift */ = {isa = PBXFileReference; lastKnownFileType = sourcecode.swift; path = MovieError.swift; sourceTree = "<group>"; };
		B5B7C4A8290778E50044C5B4 /* TMDBWidgetExtension.appex */ = {isa = PBXFileReference; explicitFileType = "wrapper.app-extension"; includeInIndex = 0; path = TMDBWidgetExtension.appex; sourceTree = BUILT_PRODUCTS_DIR; };
		B5B7C4AA290778E50044C5B4 /* WidgetKit.framework */ = {isa = PBXFileReference; lastKnownFileType = wrapper.framework; name = WidgetKit.framework; path = System/Library/Frameworks/WidgetKit.framework; sourceTree = SDKROOT; };
		B5B7C4AC290778E50044C5B4 /* SwiftUI.framework */ = {isa = PBXFileReference; lastKnownFileType = wrapper.framework; name = SwiftUI.framework; path = System/Library/Frameworks/SwiftUI.framework; sourceTree = SDKROOT; };
		B5B7C4AF290778E50044C5B4 /* TMDBWidget.swift */ = {isa = PBXFileReference; lastKnownFileType = sourcecode.swift; path = TMDBWidget.swift; sourceTree = "<group>"; };
		B5B7C4B1290778E70044C5B4 /* Assets.xcassets */ = {isa = PBXFileReference; lastKnownFileType = folder.assetcatalog; path = Assets.xcassets; sourceTree = "<group>"; };
		B5B7C4B3290778E70044C5B4 /* Info.plist */ = {isa = PBXFileReference; lastKnownFileType = text.plist.xml; path = Info.plist; sourceTree = "<group>"; };
		B5D482F5294C04000079E962 /* TMDBWidgetView.swift */ = {isa = PBXFileReference; lastKnownFileType = sourcecode.swift; path = TMDBWidgetView.swift; sourceTree = "<group>"; };
		B5D482FD294C15940079E962 /* ImageConstants.swift */ = {isa = PBXFileReference; lastKnownFileType = sourcecode.swift; path = ImageConstants.swift; sourceTree = "<group>"; };
		B5D48304294D05F60079E962 /* LoginStrings.swift */ = {isa = PBXFileReference; lastKnownFileType = sourcecode.swift; path = LoginStrings.swift; sourceTree = "<group>"; };
		B5D48306294D118A0079E962 /* UIResponder+Extension.swift */ = {isa = PBXFileReference; lastKnownFileType = sourcecode.swift; path = "UIResponder+Extension.swift"; sourceTree = "<group>"; };
		B5D48309294D1FA60079E962 /* LocalizationProtocol.swift */ = {isa = PBXFileReference; lastKnownFileType = sourcecode.swift; path = LocalizationProtocol.swift; sourceTree = "<group>"; };
		B5D4830C294DFA680079E962 /* en */ = {isa = PBXFileReference; lastKnownFileType = text.plist.strings; name = en; path = en.lproj/Localizable.strings; sourceTree = "<group>"; };
		B5D48310294DFECE0079E962 /* pt-BR */ = {isa = PBXFileReference; lastKnownFileType = text.plist.strings; name = "pt-BR"; path = "pt-BR.lproj/Localizable.strings"; sourceTree = "<group>"; };
		B5D48311294E591A0079E962 /* HomeStrings.swift */ = {isa = PBXFileReference; lastKnownFileType = sourcecode.swift; path = HomeStrings.swift; sourceTree = "<group>"; };
		B5D48313294E598F0079E962 /* DetailStrings.swift */ = {isa = PBXFileReference; lastKnownFileType = sourcecode.swift; path = DetailStrings.swift; sourceTree = "<group>"; };
		B5FE91D62900DAEF00E8099A /* TMDBViewer.app */ = {isa = PBXFileReference; explicitFileType = wrapper.application; includeInIndex = 0; path = TMDBViewer.app; sourceTree = BUILT_PRODUCTS_DIR; };
		B5FE91D92900DAEF00E8099A /* AppDelegate.swift */ = {isa = PBXFileReference; lastKnownFileType = sourcecode.swift; path = AppDelegate.swift; sourceTree = "<group>"; };
		B5FE91DB2900DAEF00E8099A /* SceneDelegate.swift */ = {isa = PBXFileReference; lastKnownFileType = sourcecode.swift; path = SceneDelegate.swift; sourceTree = "<group>"; };
		B5FE91E22900DAF000E8099A /* Assets.xcassets */ = {isa = PBXFileReference; lastKnownFileType = folder.assetcatalog; path = Assets.xcassets; sourceTree = "<group>"; };
		B5FE91E52900DAF000E8099A /* Base */ = {isa = PBXFileReference; lastKnownFileType = file.storyboard; name = Base; path = Base.lproj/LaunchScreen.storyboard; sourceTree = "<group>"; };
		B5FE91E72900DAF000E8099A /* Info.plist */ = {isa = PBXFileReference; lastKnownFileType = text.plist.xml; path = Info.plist; sourceTree = "<group>"; };
		B5FE91EF2900DB4F00E8099A /* HomeInteractor.swift */ = {isa = PBXFileReference; fileEncoding = 4; lastKnownFileType = sourcecode.swift; path = HomeInteractor.swift; sourceTree = "<group>"; };
		B5FE91F02900DB4F00E8099A /* HomeView.swift */ = {isa = PBXFileReference; fileEncoding = 4; lastKnownFileType = sourcecode.swift; path = HomeView.swift; sourceTree = "<group>"; };
		B5FE91F12900DB4F00E8099A /* HomeViewController.swift */ = {isa = PBXFileReference; fileEncoding = 4; lastKnownFileType = sourcecode.swift; path = HomeViewController.swift; sourceTree = "<group>"; };
		B5FE91F22900DB4F00E8099A /* HomeRouter.swift */ = {isa = PBXFileReference; fileEncoding = 4; lastKnownFileType = sourcecode.swift; path = HomeRouter.swift; sourceTree = "<group>"; };
		B5FE91F42900DB4F00E8099A /* HomeMovieCell.swift */ = {isa = PBXFileReference; fileEncoding = 4; lastKnownFileType = sourcecode.swift; path = HomeMovieCell.swift; sourceTree = "<group>"; };
		B5FE91F52900DB4F00E8099A /* HomeWorker.swift */ = {isa = PBXFileReference; fileEncoding = 4; lastKnownFileType = sourcecode.swift; path = HomeWorker.swift; sourceTree = "<group>"; };
		B5FE91F62900DB4F00E8099A /* HomeModels.swift */ = {isa = PBXFileReference; fileEncoding = 4; lastKnownFileType = sourcecode.swift; path = HomeModels.swift; sourceTree = "<group>"; };
		B5FE91F72900DB4F00E8099A /* HomePresenter.swift */ = {isa = PBXFileReference; fileEncoding = 4; lastKnownFileType = sourcecode.swift; path = HomePresenter.swift; sourceTree = "<group>"; };
		B5FE91F92900DB4F00E8099A /* ViewCode.swift */ = {isa = PBXFileReference; fileEncoding = 4; lastKnownFileType = sourcecode.swift; path = ViewCode.swift; sourceTree = "<group>"; };
		B5FE92092900DB5800E8099A /* Movie.swift */ = {isa = PBXFileReference; fileEncoding = 4; lastKnownFileType = sourcecode.swift; path = Movie.swift; sourceTree = "<group>"; };
		B5FE920C2900E66A00E8099A /* UIColor+Extension.swift */ = {isa = PBXFileReference; lastKnownFileType = sourcecode.swift; path = "UIColor+Extension.swift"; sourceTree = "<group>"; };
		B5FE920E2901838300E8099A /* UIColor+Pallet.swift */ = {isa = PBXFileReference; lastKnownFileType = sourcecode.swift; path = "UIColor+Pallet.swift"; sourceTree = "<group>"; };
		B5FE92102901903500E8099A /* NetworkConsumer.swift */ = {isa = PBXFileReference; lastKnownFileType = sourcecode.swift; path = NetworkConsumer.swift; sourceTree = "<group>"; };
		B5FE92142901E57400E8099A /* Date+Extension.swift */ = {isa = PBXFileReference; lastKnownFileType = sourcecode.swift; path = "Date+Extension.swift"; sourceTree = "<group>"; };
		B5FE92172901EBF400E8099A /* DetailPresenter.swift */ = {isa = PBXFileReference; lastKnownFileType = sourcecode.swift; path = DetailPresenter.swift; sourceTree = "<group>"; };
		B5FE92182901EBF400E8099A /* DetailWorker.swift */ = {isa = PBXFileReference; lastKnownFileType = sourcecode.swift; path = DetailWorker.swift; sourceTree = "<group>"; };
		B5FE92192901EBF400E8099A /* DetailRouter.swift */ = {isa = PBXFileReference; lastKnownFileType = sourcecode.swift; path = DetailRouter.swift; sourceTree = "<group>"; };
		B5FE921A2901EBF400E8099A /* DetailModels.swift */ = {isa = PBXFileReference; lastKnownFileType = sourcecode.swift; path = DetailModels.swift; sourceTree = "<group>"; };
		B5FE921B2901EBF400E8099A /* DetailViewController.swift */ = {isa = PBXFileReference; lastKnownFileType = sourcecode.swift; path = DetailViewController.swift; sourceTree = "<group>"; };
		B5FE921C2901EBF400E8099A /* DetailInteractor.swift */ = {isa = PBXFileReference; lastKnownFileType = sourcecode.swift; path = DetailInteractor.swift; sourceTree = "<group>"; };
		B5FE92232901EC0F00E8099A /* DetailView.swift */ = {isa = PBXFileReference; lastKnownFileType = sourcecode.swift; path = DetailView.swift; sourceTree = "<group>"; };
/* End PBXFileReference section */

/* Begin PBXFrameworksBuildPhase section */
		B5B7C4A5290778E50044C5B4 /* Frameworks */ = {
			isa = PBXFrameworksBuildPhase;
			buildActionMask = 2147483647;
			files = (
				B5D482FB294C05FF0079E962 /* Kingfisher in Frameworks */,
				B5B7C4AD290778E50044C5B4 /* SwiftUI.framework in Frameworks */,
				B5B7C4AB290778E50044C5B4 /* WidgetKit.framework in Frameworks */,
			);
			runOnlyForDeploymentPostprocessing = 0;
		};
		B5FE91D32900DAEF00E8099A /* Frameworks */ = {
			isa = PBXFrameworksBuildPhase;
			buildActionMask = 2147483647;
			files = (
				B5D482F9294C05660079E962 /* Kingfisher in Frameworks */,
			);
			runOnlyForDeploymentPostprocessing = 0;
		};
/* End PBXFrameworksBuildPhase section */

/* Begin PBXGroup section */
		B5B7C46629035F870044C5B4 /* Login */ = {
			isa = PBXGroup;
			children = (
				B5B7C4A12906A15A0044C5B4 /* View */,
				B5B7C4792904277C0044C5B4 /* Models */,
				B5B7C46929035F9C0044C5B4 /* LoginViewController.swift */,
				B5B7C46A29035F9C0044C5B4 /* LoginInteractor.swift */,
				B5B7C47F290488AC0044C5B4 /* LoginWorker.swift */,
				B5B7C46729035F9C0044C5B4 /* LoginPresenter.swift */,
				B5B7C46829035F9C0044C5B4 /* LoginRouter.swift */,
			);
			path = Login;
			sourceTree = "<group>";
		};
		B5B7C4792904277C0044C5B4 /* Models */ = {
			isa = PBXGroup;
			children = (
				B5B7C48E290492A00044C5B4 /* LoginModels.swift */,
				B5D48304294D05F60079E962 /* LoginStrings.swift */,
			);
			path = Models;
			sourceTree = "<group>";
		};
		B5B7C47A29042F010044C5B4 /* Models */ = {
			isa = PBXGroup;
			children = (
				B5FE921A2901EBF400E8099A /* DetailModels.swift */,
				B5D48313294E598F0079E962 /* DetailStrings.swift */,
			);
			path = Models;
			sourceTree = "<group>";
		};
		B5B7C47B29042F0E0044C5B4 /* Models */ = {
			isa = PBXGroup;
			children = (
				B5FE91F62900DB4F00E8099A /* HomeModels.swift */,
				B5D48311294E591A0079E962 /* HomeStrings.swift */,
			);
			path = Models;
			sourceTree = "<group>";
		};
		B5B7C4A12906A15A0044C5B4 /* View */ = {
			isa = PBXGroup;
			children = (
				B5B7C46B29035F9C0044C5B4 /* LoginView.swift */,
			);
			path = View;
			sourceTree = "<group>";
		};
		B5B7C4A22906A16D0044C5B4 /* View */ = {
			isa = PBXGroup;
			children = (
				B5FE92232901EC0F00E8099A /* DetailView.swift */,
			);
			path = View;
			sourceTree = "<group>";
		};
		B5B7C4A32906A1770044C5B4 /* View */ = {
			isa = PBXGroup;
			children = (
				B5FE91F32900DB4F00E8099A /* Cell */,
				B5FE91F02900DB4F00E8099A /* HomeView.swift */,
			);
			path = View;
			sourceTree = "<group>";
		};
		B5B7C4A9290778E50044C5B4 /* Frameworks */ = {
			isa = PBXGroup;
			children = (
				B5B7C4AA290778E50044C5B4 /* WidgetKit.framework */,
				B5B7C4AC290778E50044C5B4 /* SwiftUI.framework */,
			);
			name = Frameworks;
			sourceTree = "<group>";
		};
		B5B7C4AE290778E50044C5B4 /* TMDBWidget */ = {
			isa = PBXGroup;
			children = (
				B5B7C4AF290778E50044C5B4 /* TMDBWidget.swift */,
				B5D482F5294C04000079E962 /* TMDBWidgetView.swift */,
				B5B7C4B1290778E70044C5B4 /* Assets.xcassets */,
				B5B7C4B3290778E70044C5B4 /* Info.plist */,
			);
			path = TMDBWidget;
			sourceTree = "<group>";
		};
		B5D482FC294C15580079E962 /* Constants */ = {
			isa = PBXGroup;
			children = (
				B5D482FD294C15940079E962 /* ImageConstants.swift */,
			);
			path = Constants;
			sourceTree = "<group>";
		};
		B5D482FF294D03B40079E962 /* Resources */ = {
			isa = PBXGroup;
			children = (
				B5D4830D294DFA680079E962 /* Localizable.strings */,
			);
			path = Resources;
			sourceTree = "<group>";
		};
		B5D48308294D1F8F0079E962 /* Protocols */ = {
			isa = PBXGroup;
			children = (
				B5D48309294D1FA60079E962 /* LocalizationProtocol.swift */,
			);
			path = Protocols;
			sourceTree = "<group>";
		};
		B5FE91CD2900DAEF00E8099A = {
			isa = PBXGroup;
			children = (
				B5FE91D82900DAEF00E8099A /* TMDBViewer */,
				B5B7C4AE290778E50044C5B4 /* TMDBWidget */,
				B5B7C4A9290778E50044C5B4 /* Frameworks */,
				B5FE91D72900DAEF00E8099A /* Products */,
			);
			sourceTree = "<group>";
		};
		B5FE91D72900DAEF00E8099A /* Products */ = {
			isa = PBXGroup;
			children = (
				B5FE91D62900DAEF00E8099A /* TMDBViewer.app */,
				B5B7C4A8290778E50044C5B4 /* TMDBWidgetExtension.appex */,
			);
			name = Products;
			sourceTree = "<group>";
		};
		B5FE91D82900DAEF00E8099A /* TMDBViewer */ = {
			isa = PBXGroup;
			children = (
				B5FE91D92900DAEF00E8099A /* AppDelegate.swift */,
				B5FE91DB2900DAEF00E8099A /* SceneDelegate.swift */,
				B5FE91E22900DAF000E8099A /* Assets.xcassets */,
				B5FE91E42900DAF000E8099A /* LaunchScreen.storyboard */,
				B5FE91E72900DAF000E8099A /* Info.plist */,
				B5D482FF294D03B40079E962 /* Resources */,
				B5FE91ED2900DB4F00E8099A /* Scenes */,
				B5D482FC294C15580079E962 /* Constants */,
				B5FE91FA2900DB4F00E8099A /* Services */,
				B5FE920B2900E65300E8099A /* Extensions */,
				B5D48308294D1F8F0079E962 /* Protocols */,
				B5FE91F82900DB4F00E8099A /* Support Files */,
			);
			path = TMDBViewer;
			sourceTree = "<group>";
		};
		B5FE91ED2900DB4F00E8099A /* Scenes */ = {
			isa = PBXGroup;
			children = (
				B5B7C46629035F870044C5B4 /* Login */,
				B5FE91EE2900DB4F00E8099A /* Home */,
				B5FE92162901EBD800E8099A /* Detail */,
			);
			path = Scenes;
			sourceTree = "<group>";
		};
		B5FE91EE2900DB4F00E8099A /* Home */ = {
			isa = PBXGroup;
			children = (
				B5B7C4A32906A1770044C5B4 /* View */,
				B5B7C47B29042F0E0044C5B4 /* Models */,
				B5FE91F12900DB4F00E8099A /* HomeViewController.swift */,
				B5FE91EF2900DB4F00E8099A /* HomeInteractor.swift */,
				B5FE91F52900DB4F00E8099A /* HomeWorker.swift */,
				B5FE91F72900DB4F00E8099A /* HomePresenter.swift */,
				B5FE91F22900DB4F00E8099A /* HomeRouter.swift */,
			);
			path = Home;
			sourceTree = "<group>";
		};
		B5FE91F32900DB4F00E8099A /* Cell */ = {
			isa = PBXGroup;
			children = (
				B5FE91F42900DB4F00E8099A /* HomeMovieCell.swift */,
			);
			path = Cell;
			sourceTree = "<group>";
		};
		B5FE91F82900DB4F00E8099A /* Support Files */ = {
			isa = PBXGroup;
			children = (
				B5FE91F92900DB4F00E8099A /* ViewCode.swift */,
			);
			path = "Support Files";
			sourceTree = "<group>";
		};
		B5FE91FA2900DB4F00E8099A /* Services */ = {
			isa = PBXGroup;
			children = (
				B5FE92082900DB5800E8099A /* Models */,
				B5FE92102901903500E8099A /* NetworkConsumer.swift */,
			);
			path = Services;
			sourceTree = "<group>";
		};
		B5FE92082900DB5800E8099A /* Models */ = {
			isa = PBXGroup;
			children = (
				B5FE92092900DB5800E8099A /* Movie.swift */,
				B5B7C49D2906A0C60044C5B4 /* MovieResponse.swift */,
				B5B7C49F2906A0D50044C5B4 /* MovieError.swift */,
			);
			path = Models;
			sourceTree = "<group>";
		};
		B5FE920B2900E65300E8099A /* Extensions */ = {
			isa = PBXGroup;
			children = (
				B5FE920E2901838300E8099A /* UIColor+Pallet.swift */,
				B5FE920C2900E66A00E8099A /* UIColor+Extension.swift */,
				B5FE92142901E57400E8099A /* Date+Extension.swift */,
				B5D48306294D118A0079E962 /* UIResponder+Extension.swift */,
			);
			path = Extensions;
			sourceTree = "<group>";
		};
		B5FE92162901EBD800E8099A /* Detail */ = {
			isa = PBXGroup;
			children = (
				B5B7C4A22906A16D0044C5B4 /* View */,
				B5B7C47A29042F010044C5B4 /* Models */,
				B5FE921B2901EBF400E8099A /* DetailViewController.swift */,
				B5FE921C2901EBF400E8099A /* DetailInteractor.swift */,
				B5FE92182901EBF400E8099A /* DetailWorker.swift */,
				B5FE92172901EBF400E8099A /* DetailPresenter.swift */,
				B5FE92192901EBF400E8099A /* DetailRouter.swift */,
			);
			path = Detail;
			sourceTree = "<group>";
		};
/* End PBXGroup section */

/* Begin PBXNativeTarget section */
		B5B7C4A7290778E50044C5B4 /* TMDBWidgetExtension */ = {
			isa = PBXNativeTarget;
			buildConfigurationList = B5B7C4BA290778E80044C5B4 /* Build configuration list for PBXNativeTarget "TMDBWidgetExtension" */;
			buildPhases = (
				B5B7C4A4290778E50044C5B4 /* Sources */,
				B5B7C4A5290778E50044C5B4 /* Frameworks */,
				B5B7C4A6290778E50044C5B4 /* Resources */,
			);
			buildRules = (
			);
			dependencies = (
			);
			name = TMDBWidgetExtension;
			packageProductDependencies = (
				B5D482FA294C05FF0079E962 /* Kingfisher */,
			);
			productName = TMDBWidgetExtension;
			productReference = B5B7C4A8290778E50044C5B4 /* TMDBWidgetExtension.appex */;
			productType = "com.apple.product-type.app-extension";
		};
		B5FE91D52900DAEF00E8099A /* TMDBViewer */ = {
			isa = PBXNativeTarget;
			buildConfigurationList = B5FE91EA2900DAF000E8099A /* Build configuration list for PBXNativeTarget "TMDBViewer" */;
			buildPhases = (
				B5FE91D22900DAEF00E8099A /* Sources */,
				B5FE91D32900DAEF00E8099A /* Frameworks */,
				B5FE91D42900DAEF00E8099A /* Resources */,
				B5B7C4B7290778E80044C5B4 /* Embed Foundation Extensions */,
			);
			buildRules = (
			);
			dependencies = (
				B5B7C4B5290778E70044C5B4 /* PBXTargetDependency */,
			);
			name = TMDBViewer;
			packageProductDependencies = (
				B5D482F8294C05660079E962 /* Kingfisher */,
			);
			productName = TMDBViewer;
			productReference = B5FE91D62900DAEF00E8099A /* TMDBViewer.app */;
			productType = "com.apple.product-type.application";
		};
/* End PBXNativeTarget section */

/* Begin PBXProject section */
		B5FE91CE2900DAEF00E8099A /* Project object */ = {
			isa = PBXProject;
			attributes = {
				BuildIndependentTargetsInParallel = 1;
				LastSwiftUpdateCheck = 1410;
				LastUpgradeCheck = 1400;
				TargetAttributes = {
					B5B7C4A7290778E50044C5B4 = {
						CreatedOnToolsVersion = 14.0.1;
					};
					B5FE91D52900DAEF00E8099A = {
						CreatedOnToolsVersion = 14.0.1;
					};
				};
			};
			buildConfigurationList = B5FE91D12900DAEF00E8099A /* Build configuration list for PBXProject "TMDBViewer" */;
			compatibilityVersion = "Xcode 14.0";
			developmentRegion = en;
			hasScannedForEncodings = 0;
			knownRegions = (
				en,
				Base,
				"pt-BR",
			);
			mainGroup = B5FE91CD2900DAEF00E8099A;
			packageReferences = (
				B5D482F7294C05660079E962 /* XCRemoteSwiftPackageReference "Kingfisher" */,
			);
			productRefGroup = B5FE91D72900DAEF00E8099A /* Products */;
			projectDirPath = "";
			projectRoot = "";
			targets = (
				B5FE91D52900DAEF00E8099A /* TMDBViewer */,
				B5B7C4A7290778E50044C5B4 /* TMDBWidgetExtension */,
			);
		};
/* End PBXProject section */

/* Begin PBXResourcesBuildPhase section */
		B5B7C4A6290778E50044C5B4 /* Resources */ = {
			isa = PBXResourcesBuildPhase;
			buildActionMask = 2147483647;
			files = (
				B5B7C4B2290778E70044C5B4 /* Assets.xcassets in Resources */,
			);
			runOnlyForDeploymentPostprocessing = 0;
		};
		B5FE91D42900DAEF00E8099A /* Resources */ = {
			isa = PBXResourcesBuildPhase;
			buildActionMask = 2147483647;
			files = (
				B5FE91E62900DAF000E8099A /* LaunchScreen.storyboard in Resources */,
				B5D4830B294DFA680079E962 /* Localizable.strings in Resources */,
				B5FE91E32900DAF000E8099A /* Assets.xcassets in Resources */,
			);
			runOnlyForDeploymentPostprocessing = 0;
		};
/* End PBXResourcesBuildPhase section */

/* Begin PBXSourcesBuildPhase section */
		B5B7C4A4290778E50044C5B4 /* Sources */ = {
			isa = PBXSourcesBuildPhase;
			buildActionMask = 2147483647;
			files = (
				B5B7C4C22908A4430044C5B4 /* Movie.swift in Sources */,
				B5B7C4BF2908A34C0044C5B4 /* HomeModels.swift in Sources */,
				B5B7C4B0290778E50044C5B4 /* TMDBWidget.swift in Sources */,
				B5B7C4BE2908A3190044C5B4 /* HomeWorker.swift in Sources */,
				B5B7C4C12908A3590044C5B4 /* MovieResponse.swift in Sources */,
				B5B7C4C42908ADA20044C5B4 /* NetworkConsumer.swift in Sources */,
				B5B7C4C02908A3520044C5B4 /* MovieError.swift in Sources */,
				B5D482F6294C04000079E962 /* TMDBWidgetView.swift in Sources */,
			);
			runOnlyForDeploymentPostprocessing = 0;
		};
		B5FE91D22900DAEF00E8099A /* Sources */ = {
			isa = PBXSourcesBuildPhase;
			buildActionMask = 2147483647;
			files = (
				B5FE920A2900DB5800E8099A /* Movie.swift in Sources */,
				B5FE92222901EBF400E8099A /* DetailInteractor.swift in Sources */,
				B5FE921F2901EBF400E8099A /* DetailRouter.swift in Sources */,
				B5B7C46F29035F9C0044C5B4 /* LoginViewController.swift in Sources */,
				B5FE91FF2900DB4F00E8099A /* HomeViewController.swift in Sources */,
				B5FE92032900DB4F00E8099A /* HomeModels.swift in Sources */,
				B5D48312294E591A0079E962 /* HomeStrings.swift in Sources */,
				B5D482FE294C15940079E962 /* ImageConstants.swift in Sources */,
				B5FE921D2901EBF400E8099A /* DetailPresenter.swift in Sources */,
				B5FE92242901EC0F00E8099A /* DetailView.swift in Sources */,
				B5FE92002900DB4F00E8099A /* HomeRouter.swift in Sources */,
				B5B7C46D29035F9C0044C5B4 /* LoginPresenter.swift in Sources */,
				B5FE92042900DB4F00E8099A /* HomePresenter.swift in Sources */,
				B5B7C49E2906A0C60044C5B4 /* MovieResponse.swift in Sources */,
				B5FE91FD2900DB4F00E8099A /* HomeInteractor.swift in Sources */,
				B5B7C46E29035F9C0044C5B4 /* LoginRouter.swift in Sources */,
				B5FE92012900DB4F00E8099A /* HomeMovieCell.swift in Sources */,
				B5D48305294D05F60079E962 /* LoginStrings.swift in Sources */,
				B5FE920F2901838300E8099A /* UIColor+Pallet.swift in Sources */,
				B5B7C4A02906A0D50044C5B4 /* MovieError.swift in Sources */,
				B5FE920D2900E66A00E8099A /* UIColor+Extension.swift in Sources */,
				B5FE92202901EBF400E8099A /* DetailModels.swift in Sources */,
				B5FE92212901EBF400E8099A /* DetailViewController.swift in Sources */,
				B5D48307294D118A0079E962 /* UIResponder+Extension.swift in Sources */,
				B5B7C480290488AC0044C5B4 /* LoginWorker.swift in Sources */,
				B5D4830A294D1FA60079E962 /* LocalizationProtocol.swift in Sources */,
				B5B7C47029035F9C0044C5B4 /* LoginInteractor.swift in Sources */,
				B5FE91FE2900DB4F00E8099A /* HomeView.swift in Sources */,
				B5FE91DA2900DAEF00E8099A /* AppDelegate.swift in Sources */,
				B5B7C47129035F9C0044C5B4 /* LoginView.swift in Sources */,
				B5FE92052900DB4F00E8099A /* ViewCode.swift in Sources */,
				B5FE92022900DB4F00E8099A /* HomeWorker.swift in Sources */,
				B5B7C48F290492A00044C5B4 /* LoginModels.swift in Sources */,
				B5FE92112901903500E8099A /* NetworkConsumer.swift in Sources */,
				B5FE92152901E57400E8099A /* Date+Extension.swift in Sources */,
				B5D48314294E598F0079E962 /* DetailStrings.swift in Sources */,
				B5FE921E2901EBF400E8099A /* DetailWorker.swift in Sources */,
				B5FE91DC2900DAEF00E8099A /* SceneDelegate.swift in Sources */,
			);
			runOnlyForDeploymentPostprocessing = 0;
		};
/* End PBXSourcesBuildPhase section */

/* Begin PBXTargetDependency section */
		B5B7C4B5290778E70044C5B4 /* PBXTargetDependency */ = {
			isa = PBXTargetDependency;
			target = B5B7C4A7290778E50044C5B4 /* TMDBWidgetExtension */;
			targetProxy = B5B7C4B4290778E70044C5B4 /* PBXContainerItemProxy */;
		};
/* End PBXTargetDependency section */

/* Begin PBXVariantGroup section */
		B5D4830D294DFA680079E962 /* Localizable.strings */ = {
			isa = PBXVariantGroup;
			children = (
				B5D4830C294DFA680079E962 /* en */,
				B5D48310294DFECE0079E962 /* pt-BR */,
			);
			name = Localizable.strings;
			sourceTree = "<group>";
		};
		B5FE91E42900DAF000E8099A /* LaunchScreen.storyboard */ = {
			isa = PBXVariantGroup;
			children = (
				B5FE91E52900DAF000E8099A /* Base */,
			);
			name = LaunchScreen.storyboard;
			sourceTree = "<group>";
		};
/* End PBXVariantGroup section */

/* Begin XCBuildConfiguration section */
		B5B7C4B8290778E80044C5B4 /* Debug */ = {
			isa = XCBuildConfiguration;
			buildSettings = {
				ASSETCATALOG_COMPILER_GLOBAL_ACCENT_COLOR_NAME = AccentColor;
				ASSETCATALOG_COMPILER_WIDGET_BACKGROUND_COLOR_NAME = WidgetBackground;
				CODE_SIGN_STYLE = Automatic;
				CURRENT_PROJECT_VERSION = 1;
				DEVELOPMENT_TEAM = GAZK96UR75;
				GENERATE_INFOPLIST_FILE = YES;
				INFOPLIST_FILE = TMDBWidget/Info.plist;
				INFOPLIST_KEY_CFBundleDisplayName = TMDBWidget;
				INFOPLIST_KEY_NSHumanReadableCopyright = "";
				LD_RUNPATH_SEARCH_PATHS = (
					"$(inherited)",
					"@executable_path/Frameworks",
					"@executable_path/../../Frameworks",
				);
				MARKETING_VERSION = 1.0;
				PRODUCT_BUNDLE_IDENTIFIER = com.gabrieltargon.TMDBViewer.TMDBWidget;
				PRODUCT_NAME = "$(TARGET_NAME)";
				SKIP_INSTALL = YES;
				SWIFT_EMIT_LOC_STRINGS = YES;
				SWIFT_VERSION = 5.0;
				TARGETED_DEVICE_FAMILY = "1,2";
			};
			name = Debug;
		};
		B5B7C4B9290778E80044C5B4 /* Release */ = {
			isa = XCBuildConfiguration;
			buildSettings = {
				ASSETCATALOG_COMPILER_GLOBAL_ACCENT_COLOR_NAME = AccentColor;
				ASSETCATALOG_COMPILER_WIDGET_BACKGROUND_COLOR_NAME = WidgetBackground;
				CODE_SIGN_STYLE = Automatic;
				CURRENT_PROJECT_VERSION = 1;
				DEVELOPMENT_TEAM = GAZK96UR75;
				GENERATE_INFOPLIST_FILE = YES;
				INFOPLIST_FILE = TMDBWidget/Info.plist;
				INFOPLIST_KEY_CFBundleDisplayName = TMDBWidget;
				INFOPLIST_KEY_NSHumanReadableCopyright = "";
				LD_RUNPATH_SEARCH_PATHS = (
					"$(inherited)",
					"@executable_path/Frameworks",
					"@executable_path/../../Frameworks",
				);
				MARKETING_VERSION = 1.0;
				PRODUCT_BUNDLE_IDENTIFIER = com.gabrieltargon.TMDBViewer.TMDBWidget;
				PRODUCT_NAME = "$(TARGET_NAME)";
				SKIP_INSTALL = YES;
				SWIFT_EMIT_LOC_STRINGS = YES;
				SWIFT_VERSION = 5.0;
				TARGETED_DEVICE_FAMILY = "1,2";
			};
			name = Release;
		};
		B5FE91E82900DAF000E8099A /* Debug */ = {
			isa = XCBuildConfiguration;
			buildSettings = {
				ALWAYS_SEARCH_USER_PATHS = NO;
				CLANG_ANALYZER_LOCALIZABILITY_NONLOCALIZED = YES;
				CLANG_ANALYZER_NONNULL = YES;
				CLANG_ANALYZER_NUMBER_OBJECT_CONVERSION = YES_AGGRESSIVE;
				CLANG_CXX_LANGUAGE_STANDARD = "gnu++20";
				CLANG_ENABLE_MODULES = YES;
				CLANG_ENABLE_OBJC_ARC = YES;
				CLANG_ENABLE_OBJC_WEAK = YES;
				CLANG_WARN_BLOCK_CAPTURE_AUTORELEASING = YES;
				CLANG_WARN_BOOL_CONVERSION = YES;
				CLANG_WARN_COMMA = YES;
				CLANG_WARN_CONSTANT_CONVERSION = YES;
				CLANG_WARN_DEPRECATED_OBJC_IMPLEMENTATIONS = YES;
				CLANG_WARN_DIRECT_OBJC_ISA_USAGE = YES_ERROR;
				CLANG_WARN_DOCUMENTATION_COMMENTS = YES;
				CLANG_WARN_EMPTY_BODY = YES;
				CLANG_WARN_ENUM_CONVERSION = YES;
				CLANG_WARN_INFINITE_RECURSION = YES;
				CLANG_WARN_INT_CONVERSION = YES;
				CLANG_WARN_NON_LITERAL_NULL_CONVERSION = YES;
				CLANG_WARN_OBJC_IMPLICIT_RETAIN_SELF = YES;
				CLANG_WARN_OBJC_LITERAL_CONVERSION = YES;
				CLANG_WARN_OBJC_ROOT_CLASS = YES_ERROR;
				CLANG_WARN_QUOTED_INCLUDE_IN_FRAMEWORK_HEADER = YES;
				CLANG_WARN_RANGE_LOOP_ANALYSIS = YES;
				CLANG_WARN_STRICT_PROTOTYPES = YES;
				CLANG_WARN_SUSPICIOUS_MOVE = YES;
				CLANG_WARN_UNGUARDED_AVAILABILITY = YES_AGGRESSIVE;
				CLANG_WARN_UNREACHABLE_CODE = YES;
				CLANG_WARN__DUPLICATE_METHOD_MATCH = YES;
				COPY_PHASE_STRIP = NO;
				DEBUG_INFORMATION_FORMAT = dwarf;
				ENABLE_STRICT_OBJC_MSGSEND = YES;
				ENABLE_TESTABILITY = YES;
				GCC_C_LANGUAGE_STANDARD = gnu11;
				GCC_DYNAMIC_NO_PIC = NO;
				GCC_NO_COMMON_BLOCKS = YES;
				GCC_OPTIMIZATION_LEVEL = 0;
				GCC_PREPROCESSOR_DEFINITIONS = (
					"DEBUG=1",
					"$(inherited)",
				);
				GCC_WARN_64_TO_32_BIT_CONVERSION = YES;
				GCC_WARN_ABOUT_RETURN_TYPE = YES_ERROR;
				GCC_WARN_UNDECLARED_SELECTOR = YES;
				GCC_WARN_UNINITIALIZED_AUTOS = YES_AGGRESSIVE;
				GCC_WARN_UNUSED_FUNCTION = YES;
				GCC_WARN_UNUSED_VARIABLE = YES;
				IPHONEOS_DEPLOYMENT_TARGET = 16.0;
				MTL_ENABLE_DEBUG_INFO = INCLUDE_SOURCE;
				MTL_FAST_MATH = YES;
				ONLY_ACTIVE_ARCH = YES;
				SDKROOT = iphoneos;
				SWIFT_ACTIVE_COMPILATION_CONDITIONS = DEBUG;
				SWIFT_OPTIMIZATION_LEVEL = "-Onone";
			};
			name = Debug;
		};
		B5FE91E92900DAF000E8099A /* Release */ = {
			isa = XCBuildConfiguration;
			buildSettings = {
				ALWAYS_SEARCH_USER_PATHS = NO;
				CLANG_ANALYZER_LOCALIZABILITY_NONLOCALIZED = YES;
				CLANG_ANALYZER_NONNULL = YES;
				CLANG_ANALYZER_NUMBER_OBJECT_CONVERSION = YES_AGGRESSIVE;
				CLANG_CXX_LANGUAGE_STANDARD = "gnu++20";
				CLANG_ENABLE_MODULES = YES;
				CLANG_ENABLE_OBJC_ARC = YES;
				CLANG_ENABLE_OBJC_WEAK = YES;
				CLANG_WARN_BLOCK_CAPTURE_AUTORELEASING = YES;
				CLANG_WARN_BOOL_CONVERSION = YES;
				CLANG_WARN_COMMA = YES;
				CLANG_WARN_CONSTANT_CONVERSION = YES;
				CLANG_WARN_DEPRECATED_OBJC_IMPLEMENTATIONS = YES;
				CLANG_WARN_DIRECT_OBJC_ISA_USAGE = YES_ERROR;
				CLANG_WARN_DOCUMENTATION_COMMENTS = YES;
				CLANG_WARN_EMPTY_BODY = YES;
				CLANG_WARN_ENUM_CONVERSION = YES;
				CLANG_WARN_INFINITE_RECURSION = YES;
				CLANG_WARN_INT_CONVERSION = YES;
				CLANG_WARN_NON_LITERAL_NULL_CONVERSION = YES;
				CLANG_WARN_OBJC_IMPLICIT_RETAIN_SELF = YES;
				CLANG_WARN_OBJC_LITERAL_CONVERSION = YES;
				CLANG_WARN_OBJC_ROOT_CLASS = YES_ERROR;
				CLANG_WARN_QUOTED_INCLUDE_IN_FRAMEWORK_HEADER = YES;
				CLANG_WARN_RANGE_LOOP_ANALYSIS = YES;
				CLANG_WARN_STRICT_PROTOTYPES = YES;
				CLANG_WARN_SUSPICIOUS_MOVE = YES;
				CLANG_WARN_UNGUARDED_AVAILABILITY = YES_AGGRESSIVE;
				CLANG_WARN_UNREACHABLE_CODE = YES;
				CLANG_WARN__DUPLICATE_METHOD_MATCH = YES;
				COPY_PHASE_STRIP = NO;
				DEBUG_INFORMATION_FORMAT = "dwarf-with-dsym";
				ENABLE_NS_ASSERTIONS = NO;
				ENABLE_STRICT_OBJC_MSGSEND = YES;
				GCC_C_LANGUAGE_STANDARD = gnu11;
				GCC_NO_COMMON_BLOCKS = YES;
				GCC_WARN_64_TO_32_BIT_CONVERSION = YES;
				GCC_WARN_ABOUT_RETURN_TYPE = YES_ERROR;
				GCC_WARN_UNDECLARED_SELECTOR = YES;
				GCC_WARN_UNINITIALIZED_AUTOS = YES_AGGRESSIVE;
				GCC_WARN_UNUSED_FUNCTION = YES;
				GCC_WARN_UNUSED_VARIABLE = YES;
				IPHONEOS_DEPLOYMENT_TARGET = 16.0;
				MTL_ENABLE_DEBUG_INFO = NO;
				MTL_FAST_MATH = YES;
				SDKROOT = iphoneos;
				SWIFT_COMPILATION_MODE = wholemodule;
				SWIFT_OPTIMIZATION_LEVEL = "-O";
				VALIDATE_PRODUCT = YES;
			};
			name = Release;
		};
		B5FE91EB2900DAF000E8099A /* Debug */ = {
			isa = XCBuildConfiguration;
			buildSettings = {
				ALWAYS_EMBED_SWIFT_STANDARD_LIBRARIES = YES;
				ASSETCATALOG_COMPILER_APPICON_NAME = AppIcon;
				ASSETCATALOG_COMPILER_GLOBAL_ACCENT_COLOR_NAME = AccentColor;
				CLANG_MODULES_DISABLE_PRIVATE_WARNING = NO;
				CODE_SIGN_STYLE = Automatic;
				CURRENT_PROJECT_VERSION = 1;
				DEVELOPMENT_TEAM = GAZK96UR75;
				GCC_TREAT_WARNINGS_AS_ERRORS = NO;
				GCC_WARN_INHIBIT_ALL_WARNINGS = NO;
				GCC_WARN_PEDANTIC = NO;
				GENERATE_INFOPLIST_FILE = YES;
				INFOPLIST_FILE = TMDBViewer/Info.plist;
				INFOPLIST_KEY_UIApplicationSupportsIndirectInputEvents = YES;
				INFOPLIST_KEY_UILaunchStoryboardName = LaunchScreen;
				INFOPLIST_KEY_UISupportedInterfaceOrientations_iPad = "UIInterfaceOrientationPortrait UIInterfaceOrientationPortraitUpsideDown UIInterfaceOrientationLandscapeLeft UIInterfaceOrientationLandscapeRight";
				INFOPLIST_KEY_UISupportedInterfaceOrientations_iPhone = "UIInterfaceOrientationPortrait UIInterfaceOrientationLandscapeLeft UIInterfaceOrientationLandscapeRight";
				LD_RUNPATH_SEARCH_PATHS = (
					"$(inherited)",
					"@executable_path/Frameworks",
				);
				MARKETING_VERSION = 1.0;
				PRODUCT_BUNDLE_IDENTIFIER = com.gabrieltargon.TMDBViewer;
				PRODUCT_NAME = "$(TARGET_NAME)";
				SWIFT_EMIT_LOC_STRINGS = YES;
				SWIFT_SUPPRESS_WARNINGS = NO;
				SWIFT_VERSION = 5.0;
				TARGETED_DEVICE_FAMILY = "1,2";
			};
			name = Debug;
		};
		B5FE91EC2900DAF000E8099A /* Release */ = {
			isa = XCBuildConfiguration;
			buildSettings = {
				ALWAYS_EMBED_SWIFT_STANDARD_LIBRARIES = YES;
				ASSETCATALOG_COMPILER_APPICON_NAME = AppIcon;
				ASSETCATALOG_COMPILER_GLOBAL_ACCENT_COLOR_NAME = AccentColor;
				CLANG_MODULES_DISABLE_PRIVATE_WARNING = NO;
				CODE_SIGN_STYLE = Automatic;
				CURRENT_PROJECT_VERSION = 1;
				DEVELOPMENT_TEAM = GAZK96UR75;
				GCC_TREAT_WARNINGS_AS_ERRORS = NO;
				GCC_WARN_INHIBIT_ALL_WARNINGS = NO;
				GCC_WARN_PEDANTIC = NO;
				GENERATE_INFOPLIST_FILE = YES;
				INFOPLIST_FILE = TMDBViewer/Info.plist;
				INFOPLIST_KEY_UIApplicationSupportsIndirectInputEvents = YES;
				INFOPLIST_KEY_UILaunchStoryboardName = LaunchScreen;
				INFOPLIST_KEY_UISupportedInterfaceOrientations_iPad = "UIInterfaceOrientationPortrait UIInterfaceOrientationPortraitUpsideDown UIInterfaceOrientationLandscapeLeft UIInterfaceOrientationLandscapeRight";
				INFOPLIST_KEY_UISupportedInterfaceOrientations_iPhone = "UIInterfaceOrientationPortrait UIInterfaceOrientationLandscapeLeft UIInterfaceOrientationLandscapeRight";
				LD_RUNPATH_SEARCH_PATHS = (
					"$(inherited)",
					"@executable_path/Frameworks",
				);
				MARKETING_VERSION = 1.0;
				PRODUCT_BUNDLE_IDENTIFIER = com.gabrieltargon.TMDBViewer;
				PRODUCT_NAME = "$(TARGET_NAME)";
				SWIFT_EMIT_LOC_STRINGS = YES;
				SWIFT_SUPPRESS_WARNINGS = NO;
				SWIFT_VERSION = 5.0;
				TARGETED_DEVICE_FAMILY = "1,2";
			};
			name = Release;
		};
/* End XCBuildConfiguration section */

/* Begin XCConfigurationList section */
		B5B7C4BA290778E80044C5B4 /* Build configuration list for PBXNativeTarget "TMDBWidgetExtension" */ = {
			isa = XCConfigurationList;
			buildConfigurations = (
				B5B7C4B8290778E80044C5B4 /* Debug */,
				B5B7C4B9290778E80044C5B4 /* Release */,
			);
			defaultConfigurationIsVisible = 0;
			defaultConfigurationName = Release;
		};
		B5FE91D12900DAEF00E8099A /* Build configuration list for PBXProject "TMDBViewer" */ = {
			isa = XCConfigurationList;
			buildConfigurations = (
				B5FE91E82900DAF000E8099A /* Debug */,
				B5FE91E92900DAF000E8099A /* Release */,
			);
			defaultConfigurationIsVisible = 0;
			defaultConfigurationName = Release;
		};
		B5FE91EA2900DAF000E8099A /* Build configuration list for PBXNativeTarget "TMDBViewer" */ = {
			isa = XCConfigurationList;
			buildConfigurations = (
				B5FE91EB2900DAF000E8099A /* Debug */,
				B5FE91EC2900DAF000E8099A /* Release */,
			);
			defaultConfigurationIsVisible = 0;
			defaultConfigurationName = Release;
		};
/* End XCConfigurationList section */

/* Begin XCRemoteSwiftPackageReference section */
		B5D482F7294C05660079E962 /* XCRemoteSwiftPackageReference "Kingfisher" */ = {
			isa = XCRemoteSwiftPackageReference;
			repositoryURL = "https://github.com/onevcat/Kingfisher.git";
			requirement = {
				kind = upToNextMajorVersion;
				minimumVersion = 7.0.0;
			};
		};
/* End XCRemoteSwiftPackageReference section */

/* Begin XCSwiftPackageProductDependency section */
		B5D482F8294C05660079E962 /* Kingfisher */ = {
			isa = XCSwiftPackageProductDependency;
			package = B5D482F7294C05660079E962 /* XCRemoteSwiftPackageReference "Kingfisher" */;
			productName = Kingfisher;
		};
		B5D482FA294C05FF0079E962 /* Kingfisher */ = {
			isa = XCSwiftPackageProductDependency;
			package = B5D482F7294C05660079E962 /* XCRemoteSwiftPackageReference "Kingfisher" */;
			productName = Kingfisher;
		};
/* End XCSwiftPackageProductDependency section */
	};
	rootObject = B5FE91CE2900DAEF00E8099A /* Project object */;
}
